
Microsoft Visual Studio Solution File, Format Version 12.00
# Visual Studio Version 16
VisualStudioVersion = 16.0.32602.291
MinimumVisualStudioVersion = 10.0.40219.1
Project("{FAE04EC0-301F-11D3-BF4B-00C04F79EFBC}") = "HospitalMvcProject", "HospitalMvcProject.csproj", "{096D1779-EE8C-4AC7-8212-62A5EEB7E1A4}"
EndProject
Global
	GlobalSection(SolutionConfigurationPlatforms) = preSolution
		Debug|Any CPU = Debug|Any CPU
		Release|Any CPU = Release|Any CPU
	EndGlobalSection
	GlobalSection(ProjectConfigurationPlatforms) = postSolution
		{096D1779-EE8C-4AC7-8212-62A5EEB7E1A4}.Debug|Any CPU.ActiveCfg = Debug|Any CPU
		{096D1779-EE8C-4AC7-8212-62A5EEB7E1A4}.Debug|Any CPU.Build.0 = Debug|Any CPU
		{096D1779-EE8C-4AC7-8212-62A5EEB7E1A4}.Release|Any CPU.ActiveCfg = Release|Any CPU
		{096D1779-EE8C-4AC7-8212-62A5EEB7E1A4}.Release|Any CPU.Build.0 = Release|Any CPU
	EndGlobalSection
	GlobalSection(SolutionProperties) = preSolution
		HideSolutionNode = FALSE
	EndGlobalSection
	GlobalSection(ExtensibilityGlobals) = postSolution
		SolutionGuid = {C2029853-3827-4789-B0E2-4070ED63EAF0}
	EndGlobalSection
EndGlobal
